
Microsoft Visual Studio Solution File, Format Version 12.00
# Visual Studio Version 17
VisualStudioVersion = 17.6.33815.320
MinimumVisualStudioVersion = 10.0.40219.1
Project("{FAE04EC0-301F-11D3-BF4B-00C04F79EFBC}") = "UI", "UI\UI.csproj", "{7D0D3F12-7A3E-410B-BD0E-1E03F7848672}"
EndProject
Global
	GlobalSection(SolutionConfigurationPlatforms) = preSolution
		Debug|Any CPU = Debug|Any CPU
		Release|Any CPU = Release|Any CPU
	EndGlobalSection
	GlobalSection(ProjectConfigurationPlatforms) = postSolution
		{7D0D3F12-7A3E-410B-BD0E-1E03F7848672}.Debug|Any CPU.ActiveCfg = Debug|Any CPU
		{7D0D3F12-7A3E-410B-BD0E-1E03F7848672}.Debug|Any CPU.Build.0 = Debug|Any CPU
		{7D0D3F12-7A3E-410B-BD0E-1E03F7848672}.Release|Any CPU.ActiveCfg = Release|Any CPU
		{7D0D3F12-7A3E-410B-BD0E-1E03F7848672}.Release|Any CPU.Build.0 = Release|Any CPU
	EndGlobalSection
	GlobalSection(SolutionProperties) = preSolution
		HideSolutionNode = FALSE
	EndGlobalSection
	GlobalSection(ExtensibilityGlobals) = postSolution
		SolutionGuid = {DFDDB1DB-B499-4FB9-8D09-1520FFBA23FD}
	EndGlobalSection
EndGlobal
