
Microsoft Visual Studio Solution File, Format Version 12.00
# Visual Studio Version 17
VisualStudioVersion = 17.5.33530.505
MinimumVisualStudioVersion = 10.0.40219.1
Project("{FAE04EC0-301F-11D3-BF4B-00C04F79EFBC}") = "Ejercicio1(IVA)", "Ejercicio1(IVA)\Ejercicio1(IVA).csproj", "{4710DBE1-1E69-4010-BB9E-393252B01249}"
EndProject
Project("{FAE04EC0-301F-11D3-BF4B-00C04F79EFBC}") = "Ejercicio2(Bucle)", "Ejercicio2(Bucle)\Ejercicio2(Bucle).csproj", "{04C2AE0F-6226-4BCE-839D-91092A10463F}"
EndProject
Global
	GlobalSection(SolutionConfigurationPlatforms) = preSolution
		Debug|Any CPU = Debug|Any CPU
		Release|Any CPU = Release|Any CPU
	EndGlobalSection
	GlobalSection(ProjectConfigurationPlatforms) = postSolution
		{4710DBE1-1E69-4010-BB9E-393252B01249}.Debug|Any CPU.ActiveCfg = Debug|Any CPU
		{4710DBE1-1E69-4010-BB9E-393252B01249}.Debug|Any CPU.Build.0 = Debug|Any CPU
		{4710DBE1-1E69-4010-BB9E-393252B01249}.Release|Any CPU.ActiveCfg = Release|Any CPU
		{4710DBE1-1E69-4010-BB9E-393252B01249}.Release|Any CPU.Build.0 = Release|Any CPU
		{04C2AE0F-6226-4BCE-839D-91092A10463F}.Debug|Any CPU.ActiveCfg = Debug|Any CPU
		{04C2AE0F-6226-4BCE-839D-91092A10463F}.Debug|Any CPU.Build.0 = Debug|Any CPU
		{04C2AE0F-6226-4BCE-839D-91092A10463F}.Release|Any CPU.ActiveCfg = Release|Any CPU
		{04C2AE0F-6226-4BCE-839D-91092A10463F}.Release|Any CPU.Build.0 = Release|Any CPU
	EndGlobalSection
	GlobalSection(SolutionProperties) = preSolution
		HideSolutionNode = FALSE
	EndGlobalSection
	GlobalSection(ExtensibilityGlobals) = postSolution
		SolutionGuid = {3E9FD44D-5088-4978-9C53-AD4D085569DD}
	EndGlobalSection
EndGlobal
