
Microsoft Visual Studio Solution File, Format Version 12.00
# Visual Studio Version 17
VisualStudioVersion = 17.5.33530.505
MinimumVisualStudioVersion = 10.0.40219.1
Project("{FAE04EC0-301F-11D3-BF4B-00C04F79EFBC}") = "TP6GalloRodrigoNicolas", "TP6GalloRodrigoNicolas\TP6GalloRodrigoNicolas.csproj", "{9F0C2348-87F5-44BD-A1E7-FD7AE3F147EB}"
EndProject
Global
	GlobalSection(SolutionConfigurationPlatforms) = preSolution
		Debug|Any CPU = Debug|Any CPU
		Release|Any CPU = Release|Any CPU
	EndGlobalSection
	GlobalSection(ProjectConfigurationPlatforms) = postSolution
		{9F0C2348-87F5-44BD-A1E7-FD7AE3F147EB}.Debug|Any CPU.ActiveCfg = Debug|Any CPU
		{9F0C2348-87F5-44BD-A1E7-FD7AE3F147EB}.Debug|Any CPU.Build.0 = Debug|Any CPU
		{9F0C2348-87F5-44BD-A1E7-FD7AE3F147EB}.Release|Any CPU.ActiveCfg = Release|Any CPU
		{9F0C2348-87F5-44BD-A1E7-FD7AE3F147EB}.Release|Any CPU.Build.0 = Release|Any CPU
	EndGlobalSection
	GlobalSection(SolutionProperties) = preSolution
		HideSolutionNode = FALSE
	EndGlobalSection
	GlobalSection(ExtensibilityGlobals) = postSolution
		SolutionGuid = {7DF38D04-F005-418A-9BA1-1B9063DE6458}
	EndGlobalSection
EndGlobal
